
Microsoft Visual Studio Solution File, Format Version 12.00
# Visual Studio Version 17
VisualStudioVersion = 17.6.33801.468
MinimumVisualStudioVersion = 10.0.40219.1
Project("{FAE04EC0-301F-11D3-BF4B-00C04F79EFBC}") = "HotelManagement1", "HotelManagement1\HotelManagement1.csproj", "{DC073395-83F3-4B7F-81CF-7D5F98C39A25}"
EndProject
Global
	GlobalSection(SolutionConfigurationPlatforms) = preSolution
		Debug|Any CPU = Debug|Any CPU
		Release|Any CPU = Release|Any CPU
	EndGlobalSection
	GlobalSection(ProjectConfigurationPlatforms) = postSolution
		{DC073395-83F3-4B7F-81CF-7D5F98C39A25}.Debug|Any CPU.ActiveCfg = Debug|Any CPU
		{DC073395-83F3-4B7F-81CF-7D5F98C39A25}.Debug|Any CPU.Build.0 = Debug|Any CPU
		{DC073395-83F3-4B7F-81CF-7D5F98C39A25}.Release|Any CPU.ActiveCfg = Release|Any CPU
		{DC073395-83F3-4B7F-81CF-7D5F98C39A25}.Release|Any CPU.Build.0 = Release|Any CPU
	EndGlobalSection
	GlobalSection(SolutionProperties) = preSolution
		HideSolutionNode = FALSE
	EndGlobalSection
	GlobalSection(ExtensibilityGlobals) = postSolution
		SolutionGuid = {BA598D73-531F-4125-A1A2-07833B331E09}
	EndGlobalSection
EndGlobal
